# This file was autogenerated by Stack.
# You should not edit this file by hand.
# For more information, please see the documentation at:
#   https://docs.haskellstack.org/en/stable/lock_files

packages:
- completed:
    hackage: Interpolation-0.3.0@sha256:b0381214e6036ed2b6a0a04b7e4ec89736ca531ef03e315a3ec2c494059ff8fb,1319
    pantry-tree:
      size: 226
      sha256: 1752aba83686801ae9f93c293a5555e4f694c2472a3c880ad9f05b7a05033a3c
  original:
    hackage: Interpolation-0.3.0@sha256:b0381214e6036ed2b6a0a04b7e4ec89736ca531ef03e315a3ec2c494059ff8fb,1319
- completed:
    hackage: base-noprelude-4.13.0.0@sha256:3cccbfda38e1422ca5cc436d58858ba51ff9114d2ed87915a6569be11e4e5a90,6842
    pantry-tree:
      size: 112
      sha256: 90db92c8401880187ce642c5345407bcbd9546ea235524dd445cab2566ee3db1
  original:
    hackage: base-noprelude-4.13.0.0@sha256:3cccbfda38e1422ca5cc436d58858ba51ff9114d2ed87915a6569be11e4e5a90,6842
- completed:
    hackage: generic-data-0.8.3.0@sha256:fef21320697370fa1fadc14f72ac3ad8092b021f5371b315be3c9f3bde44c274,3710
    pantry-tree:
      size: 2061
      sha256: bac628a423a6f86675d062f513278285b2a370f8f4a350c65a880b7043b6fb86
  original:
    hackage: generic-data-0.8.3.0@sha256:fef21320697370fa1fadc14f72ac3ad8092b021f5371b315be3c9f3bde44c274,3710
- completed:
    hackage: it-has-0.2.0.0@sha256:e0dfa84dfba835d8616b817305a80878383b8ba7ebe3c9802f33b312e7110d76,1409
    pantry-tree:
      size: 359
      sha256: c99c82b9fe09f32dc03092a74e9b6765a7378652d6591a7a533b2c1bea468cc2
  original:
    hackage: it-has-0.2.0.0@sha256:e0dfa84dfba835d8616b817305a80878383b8ba7ebe3c9802f33b312e7110d76,1409
- completed:
    hackage: jsaddle-0.9.8.1@sha256:baa0876b47cc0f0d5ca7037500daeedb9545de2f25521097bfdbf68fe58679e9,4419
    pantry-tree:
      size: 4329
      sha256: 0dc6ddfd83ea40b7d19d2788f0db94a9e9254ed78be47c1cef67654a5623c118
  original:
    hackage: jsaddle-0.9.8.1@sha256:baa0876b47cc0f0d5ca7037500daeedb9545de2f25521097bfdbf68fe58679e9,4419
- completed:
    hackage: jsaddle-warp-0.9.8.0@sha256:d1c75ae6ab519f923bc8a13775abd779e584bd17c96a49a76f799860bd9174e9,2713
    pantry-tree:
      size: 475
      sha256: 53d9041fc7be7cdf6eec6946af1ba51d48aaaec250edff5f9a9896b53fe5d04c
  original:
    hackage: jsaddle-warp-0.9.8.0@sha256:d1c75ae6ab519f923bc8a13775abd779e584bd17c96a49a76f799860bd9174e9,2713
- completed:
    hackage: miso-1.8.1.0@sha256:5254e49a3f695ee93f4ecc95e0e353e4a25cbcd46992f6310ac242d777a0fe55,3687
    pantry-tree:
      size: 3126
      sha256: 62bd8b4572c8b501b17f1cf589ca9f7536a76dba1a50db939ee06272366dce5a
  original:
    hackage: miso-1.8.1.0@sha256:5254e49a3f695ee93f4ecc95e0e353e4a25cbcd46992f6310ac242d777a0fe55,3687
- completed:
    hackage: optics-0.4@sha256:9fb69bf0195b8d8f1f8cd0098000946868b8a3c3ffb51e5b64f79fc600c3eb4c,6568
    pantry-tree:
      size: 1157
      sha256: 63595a3678ec3937ceba1eb43a44c13434610ad370705d0a8bcff723660e1508
  original:
    hackage: optics-0.4@sha256:9fb69bf0195b8d8f1f8cd0098000946868b8a3c3ffb51e5b64f79fc600c3eb4c,6568
- completed:
    hackage: optics-core-0.4@sha256:59e04aebca536bd011ae50c781937f45af4c1456af1eb9fb578f9a69eee293cd,4995
    pantry-tree:
      size: 5315
      sha256: 0b8b5824efec35faede5a4c5d7c6f47c6b4708885942f7a7f73c892a5c3c5738
  original:
    hackage: optics-core-0.4@sha256:59e04aebca536bd011ae50c781937f45af4c1456af1eb9fb578f9a69eee293cd,4995
- completed:
    hackage: relude-1.0.0.1@sha256:35bcdaf14018e79f11e712b0e2314c1aac79976f28f4adc179985457493557d5,11569
    pantry-tree:
      size: 4282
      sha256: ead687d39d06c841de36fc214402ad4389e8837284485cfe52d975f51b274e81
  original:
    hackage: relude-1.0.0.1@sha256:35bcdaf14018e79f11e712b0e2314c1aac79976f28f4adc179985457493557d5,11569
- completed:
    hackage: size-based-0.1.2.0@sha256:1b33da89d270189661dbbda49a88b0c21d2fc2f7a407e7a2b1933e2faf0f5d4d,1258
    pantry-tree:
      size: 480
      sha256: 2c8a16986903aecfc14ada381ff9f369e218feaf5dc90e934e93ecbf83905b1a
  original:
    hackage: size-based-0.1.2.0@sha256:1b33da89d270189661dbbda49a88b0c21d2fc2f7a407e7a2b1933e2faf0f5d4d,1258
- completed:
    hackage: testing-feat-1.1.0.0@sha256:7c7629c5014edf06aefbf30a061d1ee64c6ee15f438d868e34749fb22208ab0b,2466
    pantry-tree:
      size: 790
      sha256: 444f3c68a4f4fa1488fbbe9e8d9bbcc5f226b12a5027ee93683d5f95bf0ece28
  original:
    hackage: testing-feat-1.1.0.0@sha256:7c7629c5014edf06aefbf30a061d1ee64c6ee15f438d868e34749fb22208ab0b,2466
- completed:
    hackage: servant-lucid-0.9.0.4@sha256:698db96903a145fdef40cc897f8790728642af917c37b941a98b2da872b65f08,1787
    pantry-tree:
      size: 392
      sha256: 39e0e7b2b25980bfe4df036e89959188f9ef9e8c78c85e241fa9a682d1d78cf3
  original:
    hackage: servant-lucid-0.9.0.4@sha256:698db96903a145fdef40cc897f8790728642af917c37b941a98b2da872b65f08,1787
- completed:
    hackage: optics-th-0.4@sha256:8479f64f094346d31489221ad9742324fd6c5aed0722e58fc49f0a580ceb2a18,2045
    pantry-tree:
      size: 741
      sha256: 26025e3641cc09e3c8abd9cdf8278710ed79ed09953c0b6047279624620c21b3
  original:
    hackage: optics-th-0.4
snapshots:
- completed:
    size: 587819
    url: https://raw.githubusercontent.com/commercialhaskell/stackage-snapshots/master/lts/18/23.yaml
    sha256: 7f69bb29a57495586e7e3ed31ecc59c0d2c959cb23bd52b71ca676f254c9beb1
  original: lts-18.23
